// !$*UTF8*$!
{
	archiveVersion = 1;
	classes = {
	};
	objectVersion = 56;
	objects = {

/* Begin PBXBuildFile section */
		EA41FCF129B7B1B800EFF849 /* iDineApp.swift in Sources */ = {isa = PBXBuildFile; fileRef = EA41FCF029B7B1B800EFF849 /* iDineApp.swift */; };
		EA41FCF329B7B1B800EFF849 /* ContentView.swift in Sources */ = {isa = PBXBuildFile; fileRef = EA41FCF229B7B1B800EFF849 /* ContentView.swift */; };
		EA41FCF529B7B1BA00EFF849 /* Assets.xcassets in Resources */ = {isa = PBXBuildFile; fileRef = EA41FCF429B7B1BA00EFF849 /* Assets.xcassets */; };
		EA41FCF829B7B1BA00EFF849 /* Preview Assets.xcassets in Resources */ = {isa = PBXBuildFile; fileRef = EA41FCF729B7B1BA00EFF849 /* Preview Assets.xcassets */; };
		EA41FCFF29B7B22500EFF849 /* Helper.swift in Sources */ = {isa = PBXBuildFile; fileRef = EA41FCFE29B7B22500EFF849 /* Helper.swift */; };
		EA41FD0229B7B24400EFF849 /* Menu.swift in Sources */ = {isa = PBXBuildFile; fileRef = EA41FD0029B7B24400EFF849 /* Menu.swift */; };
		EA41FD0329B7B24400EFF849 /* Order.swift in Sources */ = {isa = PBXBuildFile; fileRef = EA41FD0129B7B24400EFF849 /* Order.swift */; };
		EA41FD0929B88CCB00EFF849 /* ItemRow.swift in Sources */ = {isa = PBXBuildFile; fileRef = EA41FD0829B88CCB00EFF849 /* ItemRow.swift */; };
		EA41FD0B29B8933D00EFF849 /* ItemDetail.swift in Sources */ = {isa = PBXBuildFile; fileRef = EA41FD0A29B8933D00EFF849 /* ItemDetail.swift */; };
		EA41FD1129B89CD700EFF849 /* OrderVIew.swift in Sources */ = {isa = PBXBuildFile; fileRef = EA41FD1029B89CD700EFF849 /* OrderVIew.swift */; };
		EA41FD1329B89DAF00EFF849 /* MainView.swift in Sources */ = {isa = PBXBuildFile; fileRef = EA41FD1229B89DAF00EFF849 /* MainView.swift */; };
		EA41FD1529B89F5D00EFF849 /* CheckoutView.swift in Sources */ = {isa = PBXBuildFile; fileRef = EA41FD1429B89F5D00EFF849 /* CheckoutView.swift */; };
		EA5B9EAF29BA3FEF0094BA63 /* menu.json in Resources */ = {isa = PBXBuildFile; fileRef = EA5B9EAE29BA3FEF0094BA63 /* menu.json */; };
/* End PBXBuildFile section */

/* Begin PBXFileReference section */
		EA41FCED29B7B1B800EFF849 /* iDine.app */ = {isa = PBXFileReference; explicitFileType = wrapper.application; includeInIndex = 0; path = iDine.app; sourceTree = BUILT_PRODUCTS_DIR; };
		EA41FCF029B7B1B800EFF849 /* iDineApp.swift */ = {isa = PBXFileReference; lastKnownFileType = sourcecode.swift; path = iDineApp.swift; sourceTree = "<group>"; };
		EA41FCF229B7B1B800EFF849 /* ContentView.swift */ = {isa = PBXFileReference; lastKnownFileType = sourcecode.swift; path = ContentView.swift; sourceTree = "<group>"; };
		EA41FCF429B7B1BA00EFF849 /* Assets.xcassets */ = {isa = PBXFileReference; lastKnownFileType = folder.assetcatalog; path = Assets.xcassets; sourceTree = "<group>"; };
		EA41FCF729B7B1BA00EFF849 /* Preview Assets.xcassets */ = {isa = PBXFileReference; lastKnownFileType = folder.assetcatalog; path = "Preview Assets.xcassets"; sourceTree = "<group>"; };
		EA41FCFE29B7B22500EFF849 /* Helper.swift */ = {isa = PBXFileReference; fileEncoding = 4; lastKnownFileType = sourcecode.swift; name = Helper.swift; path = ../../../Downloads/idine/Helper.swift; sourceTree = "<group>"; };
		EA41FD0029B7B24400EFF849 /* Menu.swift */ = {isa = PBXFileReference; fileEncoding = 4; lastKnownFileType = sourcecode.swift; name = Menu.swift; path = ../../../Downloads/idine/Menu.swift; sourceTree = "<group>"; };
		EA41FD0129B7B24400EFF849 /* Order.swift */ = {isa = PBXFileReference; fileEncoding = 4; lastKnownFileType = sourcecode.swift; name = Order.swift; path = ../../../Downloads/idine/Order.swift; sourceTree = "<group>"; };
		EA41FD0829B88CCB00EFF849 /* ItemRow.swift */ = {isa = PBXFileReference; lastKnownFileType = sourcecode.swift; path = ItemRow.swift; sourceTree = "<group>"; };
		EA41FD0A29B8933D00EFF849 /* ItemDetail.swift */ = {isa = PBXFileReference; lastKnownFileType = sourcecode.swift; path = ItemDetail.swift; sourceTree = "<group>"; };
		EA41FD1029B89CD700EFF849 /* OrderVIew.swift */ = {isa = PBXFileReference; lastKnownFileType = sourcecode.swift; path = OrderVIew.swift; sourceTree = "<group>"; };
		EA41FD1229B89DAF00EFF849 /* MainView.swift */ = {isa = PBXFileReference; lastKnownFileType = sourcecode.swift; path = MainView.swift; sourceTree = "<group>"; };
		EA41FD1429B89F5D00EFF849 /* CheckoutView.swift */ = {isa = PBXFileReference; lastKnownFileType = sourcecode.swift; path = CheckoutView.swift; sourceTree = "<group>"; };
		EA5B9EAE29BA3FEF0094BA63 /* menu.json */ = {isa = PBXFileReference; fileEncoding = 4; lastKnownFileType = text.json; name = menu.json; path = ../../../Downloads/idine/menu.json; sourceTree = "<group>"; };
/* End PBXFileReference section */

/* Begin PBXFrameworksBuildPhase section */
		EA41FCEA29B7B1B800EFF849 /* Frameworks */ = {
			isa = PBXFrameworksBuildPhase;
			buildActionMask = 2147483647;
			files = (
			);
			runOnlyForDeploymentPostprocessing = 0;
		};
/* End PBXFrameworksBuildPhase section */

/* Begin PBXGroup section */
		EA41FCE429B7B1B800EFF849 = {
			isa = PBXGroup;
			children = (
				EA41FCEF29B7B1B800EFF849 /* iDine */,
				EA41FCEE29B7B1B800EFF849 /* Products */,
			);
			sourceTree = "<group>";
		};
		EA41FCEE29B7B1B800EFF849 /* Products */ = {
			isa = PBXGroup;
			children = (
				EA41FCED29B7B1B800EFF849 /* iDine.app */,
			);
			name = Products;
			sourceTree = "<group>";
		};
		EA41FCEF29B7B1B800EFF849 /* iDine */ = {
			isa = PBXGroup;
			children = (
				EA41FCF029B7B1B800EFF849 /* iDineApp.swift */,
				EA41FCF229B7B1B800EFF849 /* ContentView.swift */,
				EA41FD0A29B8933D00EFF849 /* ItemDetail.swift */,
				EA41FD1029B89CD700EFF849 /* OrderVIew.swift */,
				EA41FD1229B89DAF00EFF849 /* MainView.swift */,
				EA41FD0829B88CCB00EFF849 /* ItemRow.swift */,
				EA41FCFE29B7B22500EFF849 /* Helper.swift */,
				EA5B9EAE29BA3FEF0094BA63 /* menu.json */,
				EA41FD0029B7B24400EFF849 /* Menu.swift */,
				EA41FD0129B7B24400EFF849 /* Order.swift */,
				EA41FD1429B89F5D00EFF849 /* CheckoutView.swift */,
				EA41FCF429B7B1BA00EFF849 /* Assets.xcassets */,
				EA41FCF629B7B1BA00EFF849 /* Preview Content */,
			);
			path = iDine;
			sourceTree = "<group>";
		};
		EA41FCF629B7B1BA00EFF849 /* Preview Content */ = {
			isa = PBXGroup;
			children = (
				EA41FCF729B7B1BA00EFF849 /* Preview Assets.xcassets */,
			);
			path = "Preview Content";
			sourceTree = "<group>";
		};
/* End PBXGroup section */

/* Begin PBXNativeTarget section */
		EA41FCEC29B7B1B800EFF849 /* iDine */ = {
			isa = PBXNativeTarget;
			buildConfigurationList = EA41FCFB29B7B1BA00EFF849 /* Build configuration list for PBXNativeTarget "iDine" */;
			buildPhases = (
				EA41FCE929B7B1B800EFF849 /* Sources */,
				EA41FCEA29B7B1B800EFF849 /* Frameworks */,
				EA41FCEB29B7B1B800EFF849 /* Resources */,
			);
			buildRules = (
			);
			dependencies = (
			);
			name = iDine;
			productName = iDine;
			productReference = EA41FCED29B7B1B800EFF849 /* iDine.app */;
			productType = "com.apple.product-type.application";
		};
/* End PBXNativeTarget section */

/* Begin PBXProject section */
		EA41FCE529B7B1B800EFF849 /* Project object */ = {
			isa = PBXProject;
			attributes = {
				BuildIndependentTargetsInParallel = 1;
				LastSwiftUpdateCheck = 1420;
				LastUpgradeCheck = 1420;
				TargetAttributes = {
					EA41FCEC29B7B1B800EFF849 = {
						CreatedOnToolsVersion = 14.2;
					};
				};
			};
			buildConfigurationList = EA41FCE829B7B1B800EFF849 /* Build configuration list for PBXProject "iDine" */;
			compatibilityVersion = "Xcode 14.0";
			developmentRegion = en;
			hasScannedForEncodings = 0;
			knownRegions = (
				en,
				Base,
			);
			mainGroup = EA41FCE429B7B1B800EFF849;
			productRefGroup = EA41FCEE29B7B1B800EFF849 /* Products */;
			projectDirPath = "";
			projectRoot = "";
			targets = (
				EA41FCEC29B7B1B800EFF849 /* iDine */,
			);
		};
/* End PBXProject section */

/* Begin PBXResourcesBuildPhase section */
		EA41FCEB29B7B1B800EFF849 /* Resources */ = {
			isa = PBXResourcesBuildPhase;
			buildActionMask = 2147483647;
			files = (
				EA5B9EAF29BA3FEF0094BA63 /* menu.json in Resources */,
				EA41FCF829B7B1BA00EFF849 /* Preview Assets.xcassets in Resources */,
				EA41FCF529B7B1BA00EFF849 /* Assets.xcassets in Resources */,
			);
			runOnlyForDeploymentPostprocessing = 0;
		};
/* End PBXResourcesBuildPhase section */

/* Begin PBXSourcesBuildPhase section */
		EA41FCE929B7B1B800EFF849 /* Sources */ = {
			isa = PBXSourcesBuildPhase;
			buildActionMask = 2147483647;
			files = (
				EA41FD0B29B8933D00EFF849 /* ItemDetail.swift in Sources */,
				EA41FD1329B89DAF00EFF849 /* MainView.swift in Sources */,
				EA41FD1529B89F5D00EFF849 /* CheckoutView.swift in Sources */,
				EA41FD1129B89CD700EFF849 /* OrderVIew.swift in Sources */,
				EA41FCF329B7B1B800EFF849 /* ContentView.swift in Sources */,
				EA41FCF129B7B1B800EFF849 /* iDineApp.swift in Sources */,
				EA41FD0329B7B24400EFF849 /* Order.swift in Sources */,
				EA41FD0929B88CCB00EFF849 /* ItemRow.swift in Sources */,
				EA41FD0229B7B24400EFF849 /* Menu.swift in Sources */,
				EA41FCFF29B7B22500EFF849 /* Helper.swift in Sources */,
			);
			runOnlyForDeploymentPostprocessing = 0;
		};
/* End PBXSourcesBuildPhase section */

/* Begin XCBuildConfiguration section */
		EA41FCF929B7B1BA00EFF849 /* Debug */ = {
			isa = XCBuildConfiguration;
			buildSettings = {
				ALWAYS_SEARCH_USER_PATHS = NO;
				CLANG_ANALYZER_NONNULL = YES;
				CLANG_ANALYZER_NUMBER_OBJECT_CONVERSION = YES_AGGRESSIVE;
				CLANG_CXX_LANGUAGE_STANDARD = "gnu++20";
				CLANG_ENABLE_MODULES = YES;
				CLANG_ENABLE_OBJC_ARC = YES;
				CLANG_ENABLE_OBJC_WEAK = YES;
				CLANG_WARN_BLOCK_CAPTURE_AUTORELEASING = YES;
				CLANG_WARN_BOOL_CONVERSION = YES;
				CLANG_WARN_COMMA = YES;
				CLANG_WARN_CONSTANT_CONVERSION = YES;
				CLANG_WARN_DEPRECATED_OBJC_IMPLEMENTATIONS = YES;
				CLANG_WARN_DIRECT_OBJC_ISA_USAGE = YES_ERROR;
				CLANG_WARN_DOCUMENTATION_COMMENTS = YES;
				CLANG_WARN_EMPTY_BODY = YES;
				CLANG_WARN_ENUM_CONVERSION = YES;
				CLANG_WARN_INFINITE_RECURSION = YES;
				CLANG_WARN_INT_CONVERSION = YES;
				CLANG_WARN_NON_LITERAL_NULL_CONVERSION = YES;
				CLANG_WARN_OBJC_IMPLICIT_RETAIN_SELF = YES;
				CLANG_WARN_OBJC_LITERAL_CONVERSION = YES;
				CLANG_WARN_OBJC_ROOT_CLASS = YES_ERROR;
				CLANG_WARN_QUOTED_INCLUDE_IN_FRAMEWORK_HEADER = YES;
				CLANG_WARN_RANGE_LOOP_ANALYSIS = YES;
				CLANG_WARN_STRICT_PROTOTYPES = YES;
				CLANG_WARN_SUSPICIOUS_MOVE = YES;
				CLANG_WARN_UNGUARDED_AVAILABILITY = YES_AGGRESSIVE;
				CLANG_WARN_UNREACHABLE_CODE = YES;
				CLANG_WARN__DUPLICATE_METHOD_MATCH = YES;
				COPY_PHASE_STRIP = NO;
				DEBUG_INFORMATION_FORMAT = dwarf;
				ENABLE_STRICT_OBJC_MSGSEND = YES;
				ENABLE_TESTABILITY = YES;
				GCC_C_LANGUAGE_STANDARD = gnu11;
				GCC_DYNAMIC_NO_PIC = NO;
				GCC_NO_COMMON_BLOCKS = YES;
				GCC_OPTIMIZATION_LEVEL = 0;
				GCC_PREPROCESSOR_DEFINITIONS = (
					"DEBUG=1",
					"$(inherited)",
				);
				GCC_WARN_64_TO_32_BIT_CONVERSION = YES;
				GCC_WARN_ABOUT_RETURN_TYPE = YES_ERROR;
				GCC_WARN_UNDECLARED_SELECTOR = YES;
				GCC_WARN_UNINITIALIZED_AUTOS = YES_AGGRESSIVE;
				GCC_WARN_UNUSED_FUNCTION = YES;
				GCC_WARN_UNUSED_VARIABLE = YES;
				IPHONEOS_DEPLOYMENT_TARGET = 16.2;
				MTL_ENABLE_DEBUG_INFO = INCLUDE_SOURCE;
				MTL_FAST_MATH = YES;
				ONLY_ACTIVE_ARCH = YES;
				SDKROOT = iphoneos;
				SWIFT_ACTIVE_COMPILATION_CONDITIONS = DEBUG;
				SWIFT_OPTIMIZATION_LEVEL = "-Onone";
			};
			name = Debug;
		};
		EA41FCFA29B7B1BA00EFF849 /* Release */ = {
			isa = XCBuildConfiguration;
			buildSettings = {
				ALWAYS_SEARCH_USER_PATHS = NO;
				CLANG_ANALYZER_NONNULL = YES;
				CLANG_ANALYZER_NUMBER_OBJECT_CONVERSION = YES_AGGRESSIVE;
				CLANG_CXX_LANGUAGE_STANDARD = "gnu++20";
				CLANG_ENABLE_MODULES = YES;
				CLANG_ENABLE_OBJC_ARC = YES;
				CLANG_ENABLE_OBJC_WEAK = YES;
				CLANG_WARN_BLOCK_CAPTURE_AUTORELEASING = YES;
				CLANG_WARN_BOOL_CONVERSION = YES;
				CLANG_WARN_COMMA = YES;
				CLANG_WARN_CONSTANT_CONVERSION = YES;
				CLANG_WARN_DEPRECATED_OBJC_IMPLEMENTATIONS = YES;
				CLANG_WARN_DIRECT_OBJC_ISA_USAGE = YES_ERROR;
				CLANG_WARN_DOCUMENTATION_COMMENTS = YES;
				CLANG_WARN_EMPTY_BODY = YES;
				CLANG_WARN_ENUM_CONVERSION = YES;
				CLANG_WARN_INFINITE_RECURSION = YES;
				CLANG_WARN_INT_CONVERSION = YES;
				CLANG_WARN_NON_LITERAL_NULL_CONVERSION = YES;
				CLANG_WARN_OBJC_IMPLICIT_RETAIN_SELF = YES;
				CLANG_WARN_OBJC_LITERAL_CONVERSION = YES;
				CLANG_WARN_OBJC_ROOT_CLASS = YES_ERROR;
				CLANG_WARN_QUOTED_INCLUDE_IN_FRAMEWORK_HEADER = YES;
				CLANG_WARN_RANGE_LOOP_ANALYSIS = YES;
				CLANG_WARN_STRICT_PROTOTYPES = YES;
				CLANG_WARN_SUSPICIOUS_MOVE = YES;
				CLANG_WARN_UNGUARDED_AVAILABILITY = YES_AGGRESSIVE;
				CLANG_WARN_UNREACHABLE_CODE = YES;
				CLANG_WARN__DUPLICATE_METHOD_MATCH = YES;
				COPY_PHASE_STRIP = NO;
				DEBUG_INFORMATION_FORMAT = "dwarf-with-dsym";
				ENABLE_NS_ASSERTIONS = NO;
				ENABLE_STRICT_OBJC_MSGSEND = YES;
				GCC_C_LANGUAGE_STANDARD = gnu11;
				GCC_NO_COMMON_BLOCKS = YES;
				GCC_WARN_64_TO_32_BIT_CONVERSION = YES;
				GCC_WARN_ABOUT_RETURN_TYPE = YES_ERROR;
				GCC_WARN_UNDECLARED_SELECTOR = YES;
				GCC_WARN_UNINITIALIZED_AUTOS = YES_AGGRESSIVE;
				GCC_WARN_UNUSED_FUNCTION = YES;
				GCC_WARN_UNUSED_VARIABLE = YES;
				IPHONEOS_DEPLOYMENT_TARGET = 16.2;
				MTL_ENABLE_DEBUG_INFO = NO;
				MTL_FAST_MATH = YES;
				SDKROOT = iphoneos;
				SWIFT_COMPILATION_MODE = wholemodule;
				SWIFT_OPTIMIZATION_LEVEL = "-O";
				VALIDATE_PRODUCT = YES;
			};
			name = Release;
		};
		EA41FCFC29B7B1BA00EFF849 /* Debug */ = {
			isa = XCBuildConfiguration;
			buildSettings = {
				ASSETCATALOG_COMPILER_APPICON_NAME = AppIcon;
				ASSETCATALOG_COMPILER_GLOBAL_ACCENT_COLOR_NAME = AccentColor;
				CODE_SIGN_STYLE = Automatic;
				CURRENT_PROJECT_VERSION = 1;
				DEVELOPMENT_ASSET_PATHS = "\"iDine/Preview Content\"";
				ENABLE_PREVIEWS = YES;
				GENERATE_INFOPLIST_FILE = YES;
				INFOPLIST_KEY_UIApplicationSceneManifest_Generation = YES;
				INFOPLIST_KEY_UIApplicationSupportsIndirectInputEvents = YES;
				INFOPLIST_KEY_UILaunchScreen_Generation = YES;
				INFOPLIST_KEY_UISupportedInterfaceOrientations_iPad = "UIInterfaceOrientationPortrait UIInterfaceOrientationPortraitUpsideDown UIInterfaceOrientationLandscapeLeft UIInterfaceOrientationLandscapeRight";
				INFOPLIST_KEY_UISupportedInterfaceOrientations_iPhone = "UIInterfaceOrientationPortrait UIInterfaceOrientationLandscapeLeft UIInterfaceOrientationLandscapeRight";
				LD_RUNPATH_SEARCH_PATHS = (
					"$(inherited)",
					"@executable_path/Frameworks",
				);
				MARKETING_VERSION = 1.0;
				PRODUCT_BUNDLE_IDENTIFIER = networkdavit.iDine;
				PRODUCT_NAME = "$(TARGET_NAME)";
				SWIFT_EMIT_LOC_STRINGS = YES;
				SWIFT_VERSION = 5.0;
				TARGETED_DEVICE_FAMILY = "1,2";
			};
			name = Debug;
		};
		EA41FCFD29B7B1BA00EFF849 /* Release */ = {
			isa = XCBuildConfiguration;
			buildSettings = {
				ASSETCATALOG_COMPILER_APPICON_NAME = AppIcon;
				ASSETCATALOG_COMPILER_GLOBAL_ACCENT_COLOR_NAME = AccentColor;
				CODE_SIGN_STYLE = Automatic;
				CURRENT_PROJECT_VERSION = 1;
				DEVELOPMENT_ASSET_PATHS = "\"iDine/Preview Content\"";
				ENABLE_PREVIEWS = YES;
				GENERATE_INFOPLIST_FILE = YES;
				INFOPLIST_KEY_UIApplicationSceneManifest_Generation = YES;
				INFOPLIST_KEY_UIApplicationSupportsIndirectInputEvents = YES;
				INFOPLIST_KEY_UILaunchScreen_Generation = YES;
				INFOPLIST_KEY_UISupportedInterfaceOrientations_iPad = "UIInterfaceOrientationPortrait UIInterfaceOrientationPortraitUpsideDown UIInterfaceOrientationLandscapeLeft UIInterfaceOrientationLandscapeRight";
				INFOPLIST_KEY_UISupportedInterfaceOrientations_iPhone = "UIInterfaceOrientationPortrait UIInterfaceOrientationLandscapeLeft UIInterfaceOrientationLandscapeRight";
				LD_RUNPATH_SEARCH_PATHS = (
					"$(inherited)",
					"@executable_path/Frameworks",
				);
				MARKETING_VERSION = 1.0;
				PRODUCT_BUNDLE_IDENTIFIER = networkdavit.iDine;
				PRODUCT_NAME = "$(TARGET_NAME)";
				SWIFT_EMIT_LOC_STRINGS = YES;
				SWIFT_VERSION = 5.0;
				TARGETED_DEVICE_FAMILY = "1,2";
			};
			name = Release;
		};
/* End XCBuildConfiguration section */

/* Begin XCConfigurationList section */
		EA41FCE829B7B1B800EFF849 /* Build configuration list for PBXProject "iDine" */ = {
			isa = XCConfigurationList;
			buildConfigurations = (
				EA41FCF929B7B1BA00EFF849 /* Debug */,
				EA41FCFA29B7B1BA00EFF849 /* Release */,
			);
			defaultConfigurationIsVisible = 0;
			defaultConfigurationName = Release;
		};
		EA41FCFB29B7B1BA00EFF849 /* Build configuration list for PBXNativeTarget "iDine" */ = {
			isa = XCConfigurationList;
			buildConfigurations = (
				EA41FCFC29B7B1BA00EFF849 /* Debug */,
				EA41FCFD29B7B1BA00EFF849 /* Release */,
			);
			defaultConfigurationIsVisible = 0;
			defaultConfigurationName = Release;
		};
/* End XCConfigurationList section */
	};
	rootObject = EA41FCE529B7B1B800EFF849 /* Project object */;
}
